Microsoft Visual Studio Solution File, Format Version 12.00
# Visual Studio Version 17
VisualStudioVersion = 17.5.2.0
MinimumVisualStudioVersion = 10.0.40219.1
Project("{FAE04EC0-301F-11D3-BF4B-00C04F79EFBC}") = "streamer", "streamer.csproj", "{08E8DFF9-A47B-6FA7-525B-5A9EBA907886}"
EndProject
Global
	GlobalSection(SolutionConfigurationPlatforms) = preSolution
		Debug|Any CPU = Debug|Any CPU
		Release|Any CPU = Release|Any CPU
	EndGlobalSection
	GlobalSection(ProjectConfigurationPlatforms) = postSolution
		{08E8DFF9-A47B-6FA7-525B-5A9EBA907886}.Debug|Any CPU.ActiveCfg = Debug|Any CPU
		{08E8DFF9-A47B-6FA7-525B-5A9EBA907886}.Debug|Any CPU.Build.0 = Debug|Any CPU
		{08E8DFF9-A47B-6FA7-525B-5A9EBA907886}.Release|Any CPU.ActiveCfg = Release|Any CPU
		{08E8DFF9-A47B-6FA7-525B-5A9EBA907886}.Release|Any CPU.Build.0 = Release|Any CPU
	EndGlobalSection
	GlobalSection(SolutionProperties) = preSolution
		HideSolutionNode = FALSE
	EndGlobalSection
	GlobalSection(ExtensibilityGlobals) = postSolution
		SolutionGuid = {4CE0552C-788C-4285-A236-73E2F62DD71F}
	EndGlobalSection
EndGlobal
